
Microsoft Visual Studio Solution File, Format Version 12.00
# Visual Studio Version 17
VisualStudioVersion = 17.4.33213.308
MinimumVisualStudioVersion = 10.0.40219.1
Project("{FAE04EC0-301F-11D3-BF4B-00C04F79EFBC}") = "Fair-ex", "Fair-ex\Fair-ex.csproj", "{C2D53B86-B58D-447A-95CD-64716FDEA4BC}"
EndProject
Global
	GlobalSection(SolutionConfigurationPlatforms) = preSolution
		Debug|Any CPU = Debug|Any CPU
		Release|Any CPU = Release|Any CPU
	EndGlobalSection
	GlobalSection(ProjectConfigurationPlatforms) = postSolution
		{C2D53B86-B58D-447A-95CD-64716FDEA4BC}.Debug|Any CPU.ActiveCfg = Debug|Any CPU
		{C2D53B86-B58D-447A-95CD-64716FDEA4BC}.Debug|Any CPU.Build.0 = Debug|Any CPU
		{C2D53B86-B58D-447A-95CD-64716FDEA4BC}.Release|Any CPU.ActiveCfg = Release|Any CPU
		{C2D53B86-B58D-447A-95CD-64716FDEA4BC}.Release|Any CPU.Build.0 = Release|Any CPU
	EndGlobalSection
	GlobalSection(SolutionProperties) = preSolution
		HideSolutionNode = FALSE
	EndGlobalSection
	GlobalSection(ExtensibilityGlobals) = postSolution
		SolutionGuid = {1D98DB08-2FF6-453D-BB1D-757287E0C25F}
	EndGlobalSection
EndGlobal
